
Microsoft Visual Studio Solution File, Format Version 12.00
# Visual Studio 15
VisualStudioVersion = 15.0.28307.271
MinimumVisualStudioVersion = 10.0.40219.1
Project("{FAE04EC0-301F-11D3-BF4B-00C04F79EFBC}") = "LocalData.Android", "LocalData\LocalData.Android\LocalData.Android.csproj", "{E743354E-6469-4A1B-B9D6-79D74408877E}"
EndProject
Project("{FAE04EC0-301F-11D3-BF4B-00C04F79EFBC}") = "LocalData.iOS", "LocalData\LocalData.iOS\LocalData.iOS.csproj", "{05A1BA4D-6BC1-4A2C-8E54-F65B48B5F770}"
EndProject
Project("{FAE04EC0-301F-11D3-BF4B-00C04F79EFBC}") = "LocalData", "LocalData\LocalData\LocalData.csproj", "{352EE1AB-2EDB-48DE-9B81-0D20E984ADAC}"
EndProject
Global
	GlobalSection(SolutionConfigurationPlatforms) = preSolution
		Ad-Hoc|Any CPU = Ad-Hoc|Any CPU
		Ad-Hoc|iPhone = Ad-Hoc|iPhone
		Ad-Hoc|iPhoneSimulator = Ad-Hoc|iPhoneSimulator
		AppStore|Any CPU = AppStore|Any CPU
		AppStore|iPhone = AppStore|iPhone
		AppStore|iPhoneSimulator = AppStore|iPhoneSimulator
		Debug|Any CPU = Debug|Any CPU
		Debug|iPhone = Debug|iPhone
		Debug|iPhoneSimulator = Debug|iPhoneSimulator
		Release|Any CPU = Release|Any CPU
		Release|iPhone = Release|iPhone
		Release|iPhoneSimulator = Release|iPhoneSimulator
	EndGlobalSection
	GlobalSection(ProjectConfigurationPlatforms) = postSolution
		{E743354E-6469-4A1B-B9D6-79D74408877E}.Ad-Hoc|Any CPU.ActiveCfg = Release|Any CPU
		{E743354E-6469-4A1B-B9D6-79D74408877E}.Ad-Hoc|Any CPU.Build.0 = Release|Any CPU
		{E743354E-6469-4A1B-B9D6-79D74408877E}.Ad-Hoc|Any CPU.Deploy.0 = Release|Any CPU
		{E743354E-6469-4A1B-B9D6-79D74408877E}.Ad-Hoc|iPhone.ActiveCfg = Release|Any CPU
		{E743354E-6469-4A1B-B9D6-79D74408877E}.Ad-Hoc|iPhone.Build.0 = Release|Any CPU
		{E743354E-6469-4A1B-B9D6-79D74408877E}.Ad-Hoc|iPhone.Deploy.0 = Release|Any CPU
		{E743354E-6469-4A1B-B9D6-79D74408877E}.Ad-Hoc|iPhoneSimulator.ActiveCfg = Release|Any CPU
		{E743354E-6469-4A1B-B9D6-79D74408877E}.Ad-Hoc|iPhoneSimulator.Build.0 = Release|Any CPU
		{E743354E-6469-4A1B-B9D6-79D74408877E}.Ad-Hoc|iPhoneSimulator.Deploy.0 = Release|Any CPU
		{E743354E-6469-4A1B-B9D6-79D74408877E}.AppStore|Any CPU.ActiveCfg = Release|Any CPU
		{E743354E-6469-4A1B-B9D6-79D74408877E}.AppStore|Any CPU.Build.0 = Release|Any CPU
		{E743354E-6469-4A1B-B9D6-79D74408877E}.AppStore|Any CPU.Deploy.0 = Release|Any CPU
		{E743354E-6469-4A1B-B9D6-79D74408877E}.AppStore|iPhone.ActiveCfg = Release|Any CPU
		{E743354E-6469-4A1B-B9D6-79D74408877E}.AppStore|iPhone.Build.0 = Release|Any CPU
		{E743354E-6469-4A1B-B9D6-79D74408877E}.AppStore|iPhone.Deploy.0 = Release|Any CPU
		{E743354E-6469-4A1B-B9D6-79D74408877E}.AppStore|iPhoneSimulator.ActiveCfg = Release|Any CPU
		{E743354E-6469-4A1B-B9D6-79D74408877E}.AppStore|iPhoneSimulator.Build.0 = Release|Any CPU
		{E743354E-6469-4A1B-B9D6-79D74408877E}.AppStore|iPhoneSimulator.Deploy.0 = Release|Any CPU
		{E743354E-6469-4A1B-B9D6-79D74408877E}.Debug|Any CPU.ActiveCfg = Debug|Any CPU
		{E743354E-6469-4A1B-B9D6-79D74408877E}.Debug|Any CPU.Build.0 = Debug|Any CPU
		{E743354E-6469-4A1B-B9D6-79D74408877E}.Debug|Any CPU.Deploy.0 = Debug|Any CPU
		{E743354E-6469-4A1B-B9D6-79D74408877E}.Debug|iPhone.ActiveCfg = Debug|Any CPU
		{E743354E-6469-4A1B-B9D6-79D74408877E}.Debug|iPhone.Build.0 = Debug|Any CPU
		{E743354E-6469-4A1B-B9D6-79D74408877E}.Debug|iPhone.Deploy.0 = Debug|Any CPU
		{E743354E-6469-4A1B-B9D6-79D74408877E}.Debug|iPhoneSimulator.ActiveCfg = Debug|Any CPU
		{E743354E-6469-4A1B-B9D6-79D74408877E}.Debug|iPhoneSimulator.Build.0 = Debug|Any CPU
		{E743354E-6469-4A1B-B9D6-79D74408877E}.Debug|iPhoneSimulator.Deploy.0 = Debug|Any CPU
		{E743354E-6469-4A1B-B9D6-79D74408877E}.Release|Any CPU.ActiveCfg = Release|Any CPU
		{E743354E-6469-4A1B-B9D6-79D74408877E}.Release|Any CPU.Build.0 = Release|Any CPU
		{E743354E-6469-4A1B-B9D6-79D74408877E}.Release|Any CPU.Deploy.0 = Release|Any CPU
		{E743354E-6469-4A1B-B9D6-79D74408877E}.Release|iPhone.ActiveCfg = Release|Any CPU
		{E743354E-6469-4A1B-B9D6-79D74408877E}.Release|iPhone.Build.0 = Release|Any CPU
		{E743354E-6469-4A1B-B9D6-79D74408877E}.Release|iPhone.Deploy.0 = Release|Any CPU
		{E743354E-6469-4A1B-B9D6-79D74408877E}.Release|iPhoneSimulator.ActiveCfg = Release|Any CPU
		{E743354E-6469-4A1B-B9D6-79D74408877E}.Release|iPhoneSimulator.Build.0 = Release|Any CPU
		{E743354E-6469-4A1B-B9D6-79D74408877E}.Release|iPhoneSimulator.Deploy.0 = Release|Any CPU
		{05A1BA4D-6BC1-4A2C-8E54-F65B48B5F770}.Ad-Hoc|Any CPU.ActiveCfg = Ad-Hoc|iPhone
		{05A1BA4D-6BC1-4A2C-8E54-F65B48B5F770}.Ad-Hoc|Any CPU.Build.0 = Ad-Hoc|iPhone
		{05A1BA4D-6BC1-4A2C-8E54-F65B48B5F770}.Ad-Hoc|Any CPU.Deploy.0 = Ad-Hoc|iPhone
		{05A1BA4D-6BC1-4A2C-8E54-F65B48B5F770}.Ad-Hoc|iPhone.ActiveCfg = Ad-Hoc|iPhone
		{05A1BA4D-6BC1-4A2C-8E54-F65B48B5F770}.Ad-Hoc|iPhone.Build.0 = Ad-Hoc|iPhone
		{05A1BA4D-6BC1-4A2C-8E54-F65B48B5F770}.Ad-Hoc|iPhone.Deploy.0 = Ad-Hoc|iPhone
		{05A1BA4D-6BC1-4A2C-8E54-F65B48B5F770}.Ad-Hoc|iPhoneSimulator.ActiveCfg = Ad-Hoc|iPhoneSimulator
		{05A1BA4D-6BC1-4A2C-8E54-F65B48B5F770}.Ad-Hoc|iPhoneSimulator.Build.0 = Ad-Hoc|iPhoneSimulator
		{05A1BA4D-6BC1-4A2C-8E54-F65B48B5F770}.Ad-Hoc|iPhoneSimulator.Deploy.0 = Ad-Hoc|iPhoneSimulator
		{05A1BA4D-6BC1-4A2C-8E54-F65B48B5F770}.AppStore|Any CPU.ActiveCfg = AppStore|iPhone
		{05A1BA4D-6BC1-4A2C-8E54-F65B48B5F770}.AppStore|Any CPU.Build.0 = AppStore|iPhone
		{05A1BA4D-6BC1-4A2C-8E54-F65B48B5F770}.AppStore|Any CPU.Deploy.0 = AppStore|iPhone
		{05A1BA4D-6BC1-4A2C-8E54-F65B48B5F770}.AppStore|iPhone.ActiveCfg = AppStore|iPhone
		{05A1BA4D-6BC1-4A2C-8E54-F65B48B5F770}.AppStore|iPhone.Build.0 = AppStore|iPhone
		{05A1BA4D-6BC1-4A2C-8E54-F65B48B5F770}.AppStore|iPhone.Deploy.0 = AppStore|iPhone
		{05A1BA4D-6BC1-4A2C-8E54-F65B48B5F770}.AppStore|iPhoneSimulator.ActiveCfg = AppStore|iPhoneSimulator
		{05A1BA4D-6BC1-4A2C-8E54-F65B48B5F770}.AppStore|iPhoneSimulator.Build.0 = AppStore|iPhoneSimulator
		{05A1BA4D-6BC1-4A2C-8E54-F65B48B5F770}.AppStore|iPhoneSimulator.Deploy.0 = AppStore|iPhoneSimulator
		{05A1BA4D-6BC1-4A2C-8E54-F65B48B5F770}.Debug|Any CPU.ActiveCfg = Debug|iPhoneSimulator
		{05A1BA4D-6BC1-4A2C-8E54-F65B48B5F770}.Debug|Any CPU.Build.0 = Debug|iPhoneSimulator
		{05A1BA4D-6BC1-4A2C-8E54-F65B48B5F770}.Debug|Any CPU.Deploy.0 = Debug|iPhoneSimulator
		{05A1BA4D-6BC1-4A2C-8E54-F65B48B5F770}.Debug|iPhone.ActiveCfg = Debug|iPhone
		{05A1BA4D-6BC1-4A2C-8E54-F65B48B5F770}.Debug|iPhone.Build.0 = Debug|iPhone
		{05A1BA4D-6BC1-4A2C-8E54-F65B48B5F770}.Debug|iPhone.Deploy.0 = Debug|iPhone
		{05A1BA4D-6BC1-4A2C-8E54-F65B48B5F770}.Debug|iPhoneSimulator.ActiveCfg = Debug|iPhoneSimulator
		{05A1BA4D-6BC1-4A2C-8E54-F65B48B5F770}.Debug|iPhoneSimulator.Build.0 = Debug|iPhoneSimulator
		{05A1BA4D-6BC1-4A2C-8E54-F65B48B5F770}.Debug|iPhoneSimulator.Deploy.0 = Debug|iPhoneSimulator
		{05A1BA4D-6BC1-4A2C-8E54-F65B48B5F770}.Release|Any CPU.ActiveCfg = Release|iPhone
		{05A1BA4D-6BC1-4A2C-8E54-F65B48B5F770}.Release|Any CPU.Build.0 = Release|iPhone
		{05A1BA4D-6BC1-4A2C-8E54-F65B48B5F770}.Release|Any CPU.Deploy.0 = Release|iPhone
		{05A1BA4D-6BC1-4A2C-8E54-F65B48B5F770}.Release|iPhone.ActiveCfg = Release|iPhone
		{05A1BA4D-6BC1-4A2C-8E54-F65B48B5F770}.Release|iPhone.Build.0 = Release|iPhone
		{05A1BA4D-6BC1-4A2C-8E54-F65B48B5F770}.Release|iPhone.Deploy.0 = Release|iPhone
		{05A1BA4D-6BC1-4A2C-8E54-F65B48B5F770}.Release|iPhoneSimulator.ActiveCfg = Release|iPhoneSimulator
		{05A1BA4D-6BC1-4A2C-8E54-F65B48B5F770}.Release|iPhoneSimulator.Build.0 = Release|iPhoneSimulator
		{05A1BA4D-6BC1-4A2C-8E54-F65B48B5F770}.Release|iPhoneSimulator.Deploy.0 = Release|iPhoneSimulator
		{352EE1AB-2EDB-48DE-9B81-0D20E984ADAC}.Ad-Hoc|Any CPU.ActiveCfg = Debug|Any CPU
		{352EE1AB-2EDB-48DE-9B81-0D20E984ADAC}.Ad-Hoc|Any CPU.Build.0 = Debug|Any CPU
		{352EE1AB-2EDB-48DE-9B81-0D20E984ADAC}.Ad-Hoc|Any CPU.Deploy.0 = Debug|Any CPU
		{352EE1AB-2EDB-48DE-9B81-0D20E984ADAC}.Ad-Hoc|iPhone.ActiveCfg = Debug|Any CPU
		{352EE1AB-2EDB-48DE-9B81-0D20E984ADAC}.Ad-Hoc|iPhone.Build.0 = Debug|Any CPU
		{352EE1AB-2EDB-48DE-9B81-0D20E984ADAC}.Ad-Hoc|iPhone.Deploy.0 = Debug|Any CPU
		{352EE1AB-2EDB-48DE-9B81-0D20E984ADAC}.Ad-Hoc|iPhoneSimulator.ActiveCfg = Debug|Any CPU
		{352EE1AB-2EDB-48DE-9B81-0D20E984ADAC}.Ad-Hoc|iPhoneSimulator.Build.0 = Debug|Any CPU
		{352EE1AB-2EDB-48DE-9B81-0D20E984ADAC}.Ad-Hoc|iPhoneSimulator.Deploy.0 = Debug|Any CPU
		{352EE1AB-2EDB-48DE-9B81-0D20E984ADAC}.AppStore|Any CPU.ActiveCfg = Debug|Any CPU
		{352EE1AB-2EDB-48DE-9B81-0D20E984ADAC}.AppStore|Any CPU.Build.0 = Debug|Any CPU
		{352EE1AB-2EDB-48DE-9B81-0D20E984ADAC}.AppStore|Any CPU.Deploy.0 = Debug|Any CPU
		{352EE1AB-2EDB-48DE-9B81-0D20E984ADAC}.AppStore|iPhone.ActiveCfg = Debug|Any CPU
		{352EE1AB-2EDB-48DE-9B81-0D20E984ADAC}.AppStore|iPhone.Build.0 = Debug|Any CPU
		{352EE1AB-2EDB-48DE-9B81-0D20E984ADAC}.AppStore|iPhone.Deploy.0 = Debug|Any CPU
		{352EE1AB-2EDB-48DE-9B81-0D20E984ADAC}.AppStore|iPhoneSimulator.ActiveCfg = Debug|Any CPU
		{352EE1AB-2EDB-48DE-9B81-0D20E984ADAC}.AppStore|iPhoneSimulator.Build.0 = Debug|Any CPU
		{352EE1AB-2EDB-48DE-9B81-0D20E984ADAC}.AppStore|iPhoneSimulator.Deploy.0 = Debug|Any CPU
		{352EE1AB-2EDB-48DE-9B81-0D20E984ADAC}.Debug|Any CPU.ActiveCfg = Debug|Any CPU
		{352EE1AB-2EDB-48DE-9B81-0D20E984ADAC}.Debug|Any CPU.Build.0 = Debug|Any CPU
		{352EE1AB-2EDB-48DE-9B81-0D20E984ADAC}.Debug|Any CPU.Deploy.0 = Debug|Any CPU
		{352EE1AB-2EDB-48DE-9B81-0D20E984ADAC}.Debug|iPhone.ActiveCfg = Debug|Any CPU
		{352EE1AB-2EDB-48DE-9B81-0D20E984ADAC}.Debug|iPhone.Build.0 = Debug|Any CPU
		{352EE1AB-2EDB-48DE-9B81-0D20E984ADAC}.Debug|iPhone.Deploy.0 = Debug|Any CPU
		{352EE1AB-2EDB-48DE-9B81-0D20E984ADAC}.Debug|iPhoneSimulator.ActiveCfg = Debug|Any CPU
		{352EE1AB-2EDB-48DE-9B81-0D20E984ADAC}.Debug|iPhoneSimulator.Build.0 = Debug|Any CPU
		{352EE1AB-2EDB-48DE-9B81-0D20E984ADAC}.Debug|iPhoneSimulator.Deploy.0 = Debug|Any CPU
		{352EE1AB-2EDB-48DE-9B81-0D20E984ADAC}.Release|Any CPU.ActiveCfg = Release|Any CPU
		{352EE1AB-2EDB-48DE-9B81-0D20E984ADAC}.Release|Any CPU.Build.0 = Release|Any CPU
		{352EE1AB-2EDB-48DE-9B81-0D20E984ADAC}.Release|Any CPU.Deploy.0 = Release|Any CPU
		{352EE1AB-2EDB-48DE-9B81-0D20E984ADAC}.Release|iPhone.ActiveCfg = Release|Any CPU
		{352EE1AB-2EDB-48DE-9B81-0D20E984ADAC}.Release|iPhone.Build.0 = Release|Any CPU
		{352EE1AB-2EDB-48DE-9B81-0D20E984ADAC}.Release|iPhone.Deploy.0 = Release|Any CPU
		{352EE1AB-2EDB-48DE-9B81-0D20E984ADAC}.Release|iPhoneSimulator.ActiveCfg = Release|Any CPU
		{352EE1AB-2EDB-48DE-9B81-0D20E984ADAC}.Release|iPhoneSimulator.Build.0 = Release|Any CPU
		{352EE1AB-2EDB-48DE-9B81-0D20E984ADAC}.Release|iPhoneSimulator.Deploy.0 = Release|Any CPU
	EndGlobalSection
	GlobalSection(SolutionProperties) = preSolution
		HideSolutionNode = FALSE
	EndGlobalSection
	GlobalSection(ExtensibilityGlobals) = postSolution
		SolutionGuid = {D0676C41-75D0-402F-B120-AF31C3FE39B8}
	EndGlobalSection
EndGlobal
