
Microsoft Visual Studio Solution File, Format Version 12.00
# Visual Studio 15
VisualStudioVersion = 15.0.28307.271
MinimumVisualStudioVersion = 10.0.40219.1
Project("{FAE04EC0-301F-11D3-BF4B-00C04F79EFBC}") = "Phoneword.Android", "Phoneword\Phoneword.Android\Phoneword.Android.csproj", "{462446F5-C89B-4589-86D5-0ECDFCD8894D}"
EndProject
Project("{FAE04EC0-301F-11D3-BF4B-00C04F79EFBC}") = "Phoneword.iOS", "Phoneword\Phoneword.iOS\Phoneword.iOS.csproj", "{12AD53C0-6D5D-4CBB-B1CA-4E56A8B111F3}"
EndProject
Project("{FAE04EC0-301F-11D3-BF4B-00C04F79EFBC}") = "Phoneword", "Phoneword\Phoneword\Phoneword.csproj", "{1C481595-4901-4543-B855-A5653707EEB8}"
EndProject
Global
	GlobalSection(SolutionConfigurationPlatforms) = preSolution
		Ad-Hoc|Any CPU = Ad-Hoc|Any CPU
		Ad-Hoc|iPhone = Ad-Hoc|iPhone
		Ad-Hoc|iPhoneSimulator = Ad-Hoc|iPhoneSimulator
		AppStore|Any CPU = AppStore|Any CPU
		AppStore|iPhone = AppStore|iPhone
		AppStore|iPhoneSimulator = AppStore|iPhoneSimulator
		Debug|Any CPU = Debug|Any CPU
		Debug|iPhone = Debug|iPhone
		Debug|iPhoneSimulator = Debug|iPhoneSimulator
		Release|Any CPU = Release|Any CPU
		Release|iPhone = Release|iPhone
		Release|iPhoneSimulator = Release|iPhoneSimulator
	EndGlobalSection
	GlobalSection(ProjectConfigurationPlatforms) = postSolution
		{462446F5-C89B-4589-86D5-0ECDFCD8894D}.Ad-Hoc|Any CPU.ActiveCfg = Release|Any CPU
		{462446F5-C89B-4589-86D5-0ECDFCD8894D}.Ad-Hoc|Any CPU.Build.0 = Release|Any CPU
		{462446F5-C89B-4589-86D5-0ECDFCD8894D}.Ad-Hoc|Any CPU.Deploy.0 = Release|Any CPU
		{462446F5-C89B-4589-86D5-0ECDFCD8894D}.Ad-Hoc|iPhone.ActiveCfg = Release|Any CPU
		{462446F5-C89B-4589-86D5-0ECDFCD8894D}.Ad-Hoc|iPhone.Build.0 = Release|Any CPU
		{462446F5-C89B-4589-86D5-0ECDFCD8894D}.Ad-Hoc|iPhone.Deploy.0 = Release|Any CPU
		{462446F5-C89B-4589-86D5-0ECDFCD8894D}.Ad-Hoc|iPhoneSimulator.ActiveCfg = Release|Any CPU
		{462446F5-C89B-4589-86D5-0ECDFCD8894D}.Ad-Hoc|iPhoneSimulator.Build.0 = Release|Any CPU
		{462446F5-C89B-4589-86D5-0ECDFCD8894D}.Ad-Hoc|iPhoneSimulator.Deploy.0 = Release|Any CPU
		{462446F5-C89B-4589-86D5-0ECDFCD8894D}.AppStore|Any CPU.ActiveCfg = Release|Any CPU
		{462446F5-C89B-4589-86D5-0ECDFCD8894D}.AppStore|Any CPU.Build.0 = Release|Any CPU
		{462446F5-C89B-4589-86D5-0ECDFCD8894D}.AppStore|Any CPU.Deploy.0 = Release|Any CPU
		{462446F5-C89B-4589-86D5-0ECDFCD8894D}.AppStore|iPhone.ActiveCfg = Release|Any CPU
		{462446F5-C89B-4589-86D5-0ECDFCD8894D}.AppStore|iPhone.Build.0 = Release|Any CPU
		{462446F5-C89B-4589-86D5-0ECDFCD8894D}.AppStore|iPhone.Deploy.0 = Release|Any CPU
		{462446F5-C89B-4589-86D5-0ECDFCD8894D}.AppStore|iPhoneSimulator.ActiveCfg = Release|Any CPU
		{462446F5-C89B-4589-86D5-0ECDFCD8894D}.AppStore|iPhoneSimulator.Build.0 = Release|Any CPU
		{462446F5-C89B-4589-86D5-0ECDFCD8894D}.AppStore|iPhoneSimulator.Deploy.0 = Release|Any CPU
		{462446F5-C89B-4589-86D5-0ECDFCD8894D}.Debug|Any CPU.ActiveCfg = Debug|Any CPU
		{462446F5-C89B-4589-86D5-0ECDFCD8894D}.Debug|Any CPU.Build.0 = Debug|Any CPU
		{462446F5-C89B-4589-86D5-0ECDFCD8894D}.Debug|Any CPU.Deploy.0 = Debug|Any CPU
		{462446F5-C89B-4589-86D5-0ECDFCD8894D}.Debug|iPhone.ActiveCfg = Debug|Any CPU
		{462446F5-C89B-4589-86D5-0ECDFCD8894D}.Debug|iPhone.Build.0 = Debug|Any CPU
		{462446F5-C89B-4589-86D5-0ECDFCD8894D}.Debug|iPhone.Deploy.0 = Debug|Any CPU
		{462446F5-C89B-4589-86D5-0ECDFCD8894D}.Debug|iPhoneSimulator.ActiveCfg = Debug|Any CPU
		{462446F5-C89B-4589-86D5-0ECDFCD8894D}.Debug|iPhoneSimulator.Build.0 = Debug|Any CPU
		{462446F5-C89B-4589-86D5-0ECDFCD8894D}.Debug|iPhoneSimulator.Deploy.0 = Debug|Any CPU
		{462446F5-C89B-4589-86D5-0ECDFCD8894D}.Release|Any CPU.ActiveCfg = Release|Any CPU
		{462446F5-C89B-4589-86D5-0ECDFCD8894D}.Release|Any CPU.Build.0 = Release|Any CPU
		{462446F5-C89B-4589-86D5-0ECDFCD8894D}.Release|Any CPU.Deploy.0 = Release|Any CPU
		{462446F5-C89B-4589-86D5-0ECDFCD8894D}.Release|iPhone.ActiveCfg = Release|Any CPU
		{462446F5-C89B-4589-86D5-0ECDFCD8894D}.Release|iPhone.Build.0 = Release|Any CPU
		{462446F5-C89B-4589-86D5-0ECDFCD8894D}.Release|iPhone.Deploy.0 = Release|Any CPU
		{462446F5-C89B-4589-86D5-0ECDFCD8894D}.Release|iPhoneSimulator.ActiveCfg = Release|Any CPU
		{462446F5-C89B-4589-86D5-0ECDFCD8894D}.Release|iPhoneSimulator.Build.0 = Release|Any CPU
		{462446F5-C89B-4589-86D5-0ECDFCD8894D}.Release|iPhoneSimulator.Deploy.0 = Release|Any CPU
		{12AD53C0-6D5D-4CBB-B1CA-4E56A8B111F3}.Ad-Hoc|Any CPU.ActiveCfg = Ad-Hoc|iPhone
		{12AD53C0-6D5D-4CBB-B1CA-4E56A8B111F3}.Ad-Hoc|Any CPU.Build.0 = Ad-Hoc|iPhone
		{12AD53C0-6D5D-4CBB-B1CA-4E56A8B111F3}.Ad-Hoc|Any CPU.Deploy.0 = Ad-Hoc|iPhone
		{12AD53C0-6D5D-4CBB-B1CA-4E56A8B111F3}.Ad-Hoc|iPhone.ActiveCfg = Ad-Hoc|iPhone
		{12AD53C0-6D5D-4CBB-B1CA-4E56A8B111F3}.Ad-Hoc|iPhone.Build.0 = Ad-Hoc|iPhone
		{12AD53C0-6D5D-4CBB-B1CA-4E56A8B111F3}.Ad-Hoc|iPhone.Deploy.0 = Ad-Hoc|iPhone
		{12AD53C0-6D5D-4CBB-B1CA-4E56A8B111F3}.Ad-Hoc|iPhoneSimulator.ActiveCfg = Ad-Hoc|iPhoneSimulator
		{12AD53C0-6D5D-4CBB-B1CA-4E56A8B111F3}.Ad-Hoc|iPhoneSimulator.Build.0 = Ad-Hoc|iPhoneSimulator
		{12AD53C0-6D5D-4CBB-B1CA-4E56A8B111F3}.Ad-Hoc|iPhoneSimulator.Deploy.0 = Ad-Hoc|iPhoneSimulator
		{12AD53C0-6D5D-4CBB-B1CA-4E56A8B111F3}.AppStore|Any CPU.ActiveCfg = AppStore|iPhone
		{12AD53C0-6D5D-4CBB-B1CA-4E56A8B111F3}.AppStore|Any CPU.Build.0 = AppStore|iPhone
		{12AD53C0-6D5D-4CBB-B1CA-4E56A8B111F3}.AppStore|Any CPU.Deploy.0 = AppStore|iPhone
		{12AD53C0-6D5D-4CBB-B1CA-4E56A8B111F3}.AppStore|iPhone.ActiveCfg = AppStore|iPhone
		{12AD53C0-6D5D-4CBB-B1CA-4E56A8B111F3}.AppStore|iPhone.Build.0 = AppStore|iPhone
		{12AD53C0-6D5D-4CBB-B1CA-4E56A8B111F3}.AppStore|iPhone.Deploy.0 = AppStore|iPhone
		{12AD53C0-6D5D-4CBB-B1CA-4E56A8B111F3}.AppStore|iPhoneSimulator.ActiveCfg = AppStore|iPhoneSimulator
		{12AD53C0-6D5D-4CBB-B1CA-4E56A8B111F3}.AppStore|iPhoneSimulator.Build.0 = AppStore|iPhoneSimulator
		{12AD53C0-6D5D-4CBB-B1CA-4E56A8B111F3}.AppStore|iPhoneSimulator.Deploy.0 = AppStore|iPhoneSimulator
		{12AD53C0-6D5D-4CBB-B1CA-4E56A8B111F3}.Debug|Any CPU.ActiveCfg = Debug|iPhoneSimulator
		{12AD53C0-6D5D-4CBB-B1CA-4E56A8B111F3}.Debug|Any CPU.Build.0 = Debug|iPhoneSimulator
		{12AD53C0-6D5D-4CBB-B1CA-4E56A8B111F3}.Debug|Any CPU.Deploy.0 = Debug|iPhoneSimulator
		{12AD53C0-6D5D-4CBB-B1CA-4E56A8B111F3}.Debug|iPhone.ActiveCfg = Debug|iPhone
		{12AD53C0-6D5D-4CBB-B1CA-4E56A8B111F3}.Debug|iPhone.Build.0 = Debug|iPhone
		{12AD53C0-6D5D-4CBB-B1CA-4E56A8B111F3}.Debug|iPhone.Deploy.0 = Debug|iPhone
		{12AD53C0-6D5D-4CBB-B1CA-4E56A8B111F3}.Debug|iPhoneSimulator.ActiveCfg = Debug|iPhoneSimulator
		{12AD53C0-6D5D-4CBB-B1CA-4E56A8B111F3}.Debug|iPhoneSimulator.Build.0 = Debug|iPhoneSimulator
		{12AD53C0-6D5D-4CBB-B1CA-4E56A8B111F3}.Debug|iPhoneSimulator.Deploy.0 = Debug|iPhoneSimulator
		{12AD53C0-6D5D-4CBB-B1CA-4E56A8B111F3}.Release|Any CPU.ActiveCfg = Release|iPhone
		{12AD53C0-6D5D-4CBB-B1CA-4E56A8B111F3}.Release|Any CPU.Build.0 = Release|iPhone
		{12AD53C0-6D5D-4CBB-B1CA-4E56A8B111F3}.Release|Any CPU.Deploy.0 = Release|iPhone
		{12AD53C0-6D5D-4CBB-B1CA-4E56A8B111F3}.Release|iPhone.ActiveCfg = Release|iPhone
		{12AD53C0-6D5D-4CBB-B1CA-4E56A8B111F3}.Release|iPhone.Build.0 = Release|iPhone
		{12AD53C0-6D5D-4CBB-B1CA-4E56A8B111F3}.Release|iPhone.Deploy.0 = Release|iPhone
		{12AD53C0-6D5D-4CBB-B1CA-4E56A8B111F3}.Release|iPhoneSimulator.ActiveCfg = Release|iPhoneSimulator
		{12AD53C0-6D5D-4CBB-B1CA-4E56A8B111F3}.Release|iPhoneSimulator.Build.0 = Release|iPhoneSimulator
		{12AD53C0-6D5D-4CBB-B1CA-4E56A8B111F3}.Release|iPhoneSimulator.Deploy.0 = Release|iPhoneSimulator
		{1C481595-4901-4543-B855-A5653707EEB8}.Ad-Hoc|Any CPU.ActiveCfg = Debug|Any CPU
		{1C481595-4901-4543-B855-A5653707EEB8}.Ad-Hoc|Any CPU.Build.0 = Debug|Any CPU
		{1C481595-4901-4543-B855-A5653707EEB8}.Ad-Hoc|Any CPU.Deploy.0 = Debug|Any CPU
		{1C481595-4901-4543-B855-A5653707EEB8}.Ad-Hoc|iPhone.ActiveCfg = Debug|Any CPU
		{1C481595-4901-4543-B855-A5653707EEB8}.Ad-Hoc|iPhone.Build.0 = Debug|Any CPU
		{1C481595-4901-4543-B855-A5653707EEB8}.Ad-Hoc|iPhone.Deploy.0 = Debug|Any CPU
		{1C481595-4901-4543-B855-A5653707EEB8}.Ad-Hoc|iPhoneSimulator.ActiveCfg = Debug|Any CPU
		{1C481595-4901-4543-B855-A5653707EEB8}.Ad-Hoc|iPhoneSimulator.Build.0 = Debug|Any CPU
		{1C481595-4901-4543-B855-A5653707EEB8}.Ad-Hoc|iPhoneSimulator.Deploy.0 = Debug|Any CPU
		{1C481595-4901-4543-B855-A5653707EEB8}.AppStore|Any CPU.ActiveCfg = Debug|Any CPU
		{1C481595-4901-4543-B855-A5653707EEB8}.AppStore|Any CPU.Build.0 = Debug|Any CPU
		{1C481595-4901-4543-B855-A5653707EEB8}.AppStore|Any CPU.Deploy.0 = Debug|Any CPU
		{1C481595-4901-4543-B855-A5653707EEB8}.AppStore|iPhone.ActiveCfg = Debug|Any CPU
		{1C481595-4901-4543-B855-A5653707EEB8}.AppStore|iPhone.Build.0 = Debug|Any CPU
		{1C481595-4901-4543-B855-A5653707EEB8}.AppStore|iPhone.Deploy.0 = Debug|Any CPU
		{1C481595-4901-4543-B855-A5653707EEB8}.AppStore|iPhoneSimulator.ActiveCfg = Debug|Any CPU
		{1C481595-4901-4543-B855-A5653707EEB8}.AppStore|iPhoneSimulator.Build.0 = Debug|Any CPU
		{1C481595-4901-4543-B855-A5653707EEB8}.AppStore|iPhoneSimulator.Deploy.0 = Debug|Any CPU
		{1C481595-4901-4543-B855-A5653707EEB8}.Debug|Any CPU.ActiveCfg = Debug|Any CPU
		{1C481595-4901-4543-B855-A5653707EEB8}.Debug|Any CPU.Build.0 = Debug|Any CPU
		{1C481595-4901-4543-B855-A5653707EEB8}.Debug|Any CPU.Deploy.0 = Debug|Any CPU
		{1C481595-4901-4543-B855-A5653707EEB8}.Debug|iPhone.ActiveCfg = Debug|Any CPU
		{1C481595-4901-4543-B855-A5653707EEB8}.Debug|iPhone.Build.0 = Debug|Any CPU
		{1C481595-4901-4543-B855-A5653707EEB8}.Debug|iPhone.Deploy.0 = Debug|Any CPU
		{1C481595-4901-4543-B855-A5653707EEB8}.Debug|iPhoneSimulator.ActiveCfg = Debug|Any CPU
		{1C481595-4901-4543-B855-A5653707EEB8}.Debug|iPhoneSimulator.Build.0 = Debug|Any CPU
		{1C481595-4901-4543-B855-A5653707EEB8}.Debug|iPhoneSimulator.Deploy.0 = Debug|Any CPU
		{1C481595-4901-4543-B855-A5653707EEB8}.Release|Any CPU.ActiveCfg = Release|Any CPU
		{1C481595-4901-4543-B855-A5653707EEB8}.Release|Any CPU.Build.0 = Release|Any CPU
		{1C481595-4901-4543-B855-A5653707EEB8}.Release|Any CPU.Deploy.0 = Release|Any CPU
		{1C481595-4901-4543-B855-A5653707EEB8}.Release|iPhone.ActiveCfg = Release|Any CPU
		{1C481595-4901-4543-B855-A5653707EEB8}.Release|iPhone.Build.0 = Release|Any CPU
		{1C481595-4901-4543-B855-A5653707EEB8}.Release|iPhone.Deploy.0 = Release|Any CPU
		{1C481595-4901-4543-B855-A5653707EEB8}.Release|iPhoneSimulator.ActiveCfg = Release|Any CPU
		{1C481595-4901-4543-B855-A5653707EEB8}.Release|iPhoneSimulator.Build.0 = Release|Any CPU
		{1C481595-4901-4543-B855-A5653707EEB8}.Release|iPhoneSimulator.Deploy.0 = Release|Any CPU
	EndGlobalSection
	GlobalSection(SolutionProperties) = preSolution
		HideSolutionNode = FALSE
	EndGlobalSection
	GlobalSection(ExtensibilityGlobals) = postSolution
		SolutionGuid = {39EFCB5A-E8F1-4693-8E28-86BDA990B224}
	EndGlobalSection
EndGlobal
